
Microsoft Visual Studio Solution File, Format Version 12.00
# Visual Studio Version 16
VisualStudioVersion = 16.0.32002.261
MinimumVisualStudioVersion = 10.0.40219.1
Project("{FAE04EC0-301F-11D3-BF4B-00C04F79EFBC}") = "adapter", "adapter\adapter.csproj", "{FB25566A-7702-4E18-B668-81EDEC9F11C1}"
EndProject
Global
	GlobalSection(SolutionConfigurationPlatforms) = preSolution
		Debug|Any CPU = Debug|Any CPU
		Release|Any CPU = Release|Any CPU
	EndGlobalSection
	GlobalSection(ProjectConfigurationPlatforms) = postSolution
		{FB25566A-7702-4E18-B668-81EDEC9F11C1}.Debug|Any CPU.ActiveCfg = Debug|Any CPU
		{FB25566A-7702-4E18-B668-81EDEC9F11C1}.Debug|Any CPU.Build.0 = Debug|Any CPU
		{FB25566A-7702-4E18-B668-81EDEC9F11C1}.Release|Any CPU.ActiveCfg = Release|Any CPU
		{FB25566A-7702-4E18-B668-81EDEC9F11C1}.Release|Any CPU.Build.0 = Release|Any CPU
	EndGlobalSection
	GlobalSection(SolutionProperties) = preSolution
		HideSolutionNode = FALSE
	EndGlobalSection
	GlobalSection(ExtensibilityGlobals) = postSolution
		SolutionGuid = {3E16E59D-8CDF-4DB5-AA94-CF5BC5933362}
	EndGlobalSection
EndGlobal
